// !$*UTF8*$!
{
	archiveVersion = 1;
	classes = {
	};
	objectVersion = 48;
	objects = {

/* Begin PBXBuildFile section */
		6806797D1F24A92E00976227 /* RoundedBtn.swift in Sources */ = {isa = PBXBuildFile; fileRef = 6806797C1F24A92E00976227 /* RoundedBtn.swift */; };
		6808A4871F20888D00F72E0B /* ChatVC.swift in Sources */ = {isa = PBXBuildFile; fileRef = 6808A4861F20888D00F72E0B /* ChatVC.swift */; };
		6808A4891F20889C00F72E0B /* ChannelVC.swift in Sources */ = {isa = PBXBuildFile; fileRef = 6808A4881F20889C00F72E0B /* ChannelVC.swift */; };
		6808A48B1F20F50300F72E0B /* GradientView.swift in Sources */ = {isa = PBXBuildFile; fileRef = 6808A48A1F20F50300F72E0B /* GradientView.swift */; };
		686AF78C1F22584100A15838 /* AuthService.swift in Sources */ = {isa = PBXBuildFile; fileRef = 686AF78B1F22584100A15838 /* AuthService.swift */; };
		68A391951F211251006DEDF6 /* Constants.swift in Sources */ = {isa = PBXBuildFile; fileRef = 68A391941F211251006DEDF6 /* Constants.swift */; };
		68B4890A1F21178100D41801 /* LoginVC.swift in Sources */ = {isa = PBXBuildFile; fileRef = 68B489091F21178100D41801 /* LoginVC.swift */; };
		68B4890C1F2119BA00D41801 /* CreateAccountVC.swift in Sources */ = {isa = PBXBuildFile; fileRef = 68B4890B1F2119BA00D41801 /* CreateAccountVC.swift */; };
		68FB7F1F1F1FDC2F001679BA /* SWRevealViewController.m in Sources */ = {isa = PBXBuildFile; fileRef = 68FB7F1D1F1FDC2F001679BA /* SWRevealViewController.m */; };
		68FD707C1F1FD36E0063558E /* AppDelegate.swift in Sources */ = {isa = PBXBuildFile; fileRef = 68FD707B1F1FD36E0063558E /* AppDelegate.swift */; };
		68FD70811F1FD36E0063558E /* Main.storyboard in Resources */ = {isa = PBXBuildFile; fileRef = 68FD707F1F1FD36E0063558E /* Main.storyboard */; };
		68FD70831F1FD36E0063558E /* Assets.xcassets in Resources */ = {isa = PBXBuildFile; fileRef = 68FD70821F1FD36E0063558E /* Assets.xcassets */; };
		68FD70861F1FD36E0063558E /* LaunchScreen.storyboard in Resources */ = {isa = PBXBuildFile; fileRef = 68FD70841F1FD36E0063558E /* LaunchScreen.storyboard */; };
		FD5616625CD8A9EDDA58CEF5 /* Pods_Smack.framework in Frameworks */ = {isa = PBXBuildFile; fileRef = 17B7FE9EDFA437FD1F578EB7 /* Pods_Smack.framework */; };
/* End PBXBuildFile section */

/* Begin PBXFileReference section */
		17B7FE9EDFA437FD1F578EB7 /* Pods_Smack.framework */ = {isa = PBXFileReference; explicitFileType = wrapper.framework; includeInIndex = 0; path = Pods_Smack.framework; sourceTree = BUILT_PRODUCTS_DIR; };
		5EA616B41183FB500B9921B2 /* Pods-Smack.release.xcconfig */ = {isa = PBXFileReference; includeInIndex = 1; lastKnownFileType = text.xcconfig; name = "Pods-Smack.release.xcconfig"; path = "Pods/Target Support Files/Pods-Smack/Pods-Smack.release.xcconfig"; sourceTree = "<group>"; };
		6806797C1F24A92E00976227 /* RoundedBtn.swift */ = {isa = PBXFileReference; lastKnownFileType = sourcecode.swift; path = RoundedBtn.swift; sourceTree = "<group>"; };
		6808A4861F20888D00F72E0B /* ChatVC.swift */ = {isa = PBXFileReference; lastKnownFileType = sourcecode.swift; path = ChatVC.swift; sourceTree = "<group>"; };
		6808A4881F20889C00F72E0B /* ChannelVC.swift */ = {isa = PBXFileReference; lastKnownFileType = sourcecode.swift; path = ChannelVC.swift; sourceTree = "<group>"; };
		6808A48A1F20F50300F72E0B /* GradientView.swift */ = {isa = PBXFileReference; lastKnownFileType = sourcecode.swift; path = GradientView.swift; sourceTree = "<group>"; };
		686AF78B1F22584100A15838 /* AuthService.swift */ = {isa = PBXFileReference; lastKnownFileType = sourcecode.swift; path = AuthService.swift; sourceTree = "<group>"; };
		68A391941F211251006DEDF6 /* Constants.swift */ = {isa = PBXFileReference; lastKnownFileType = sourcecode.swift; path = Constants.swift; sourceTree = "<group>"; };
		68B489091F21178100D41801 /* LoginVC.swift */ = {isa = PBXFileReference; lastKnownFileType = sourcecode.swift; path = LoginVC.swift; sourceTree = "<group>"; };
		68B4890B1F2119BA00D41801 /* CreateAccountVC.swift */ = {isa = PBXFileReference; lastKnownFileType = sourcecode.swift; path = CreateAccountVC.swift; sourceTree = "<group>"; };
		68FB7F1C1F1FDC2E001679BA /* Smack-Bridging-Header.h */ = {isa = PBXFileReference; lastKnownFileType = sourcecode.c.h; path = "Smack-Bridging-Header.h"; sourceTree = "<group>"; };
		68FB7F1D1F1FDC2F001679BA /* SWRevealViewController.m */ = {isa = PBXFileReference; fileEncoding = 4; lastKnownFileType = sourcecode.c.objc; name = SWRevealViewController.m; path = "../../../../../../Downloads/SWRevealViewController-master/SWRevealViewController/SWRevealViewController.m"; sourceTree = "<group>"; };
		68FB7F1E1F1FDC2F001679BA /* SWRevealViewController.h */ = {isa = PBXFileReference; fileEncoding = 4; lastKnownFileType = sourcecode.c.h; name = SWRevealViewController.h; path = "../../../../../../Downloads/SWRevealViewController-master/SWRevealViewController/SWRevealViewController.h"; sourceTree = "<group>"; };
		68FD70781F1FD36E0063558E /* Smack.app */ = {isa = PBXFileReference; explicitFileType = wrapper.application; includeInIndex = 0; path = Smack.app; sourceTree = BUILT_PRODUCTS_DIR; };
		68FD707B1F1FD36E0063558E /* AppDelegate.swift */ = {isa = PBXFileReference; lastKnownFileType = sourcecode.swift; path = AppDelegate.swift; sourceTree = "<group>"; };
		68FD70801F1FD36E0063558E /* Base */ = {isa = PBXFileReference; lastKnownFileType = file.storyboard; name = Base; path = Base.lproj/Main.storyboard; sourceTree = "<group>"; };
		68FD70821F1FD36E0063558E /* Assets.xcassets */ = {isa = PBXFileReference; lastKnownFileType = folder.assetcatalog; path = Assets.xcassets; sourceTree = "<group>"; };
		68FD70851F1FD36E0063558E /* Base */ = {isa = PBXFileReference; lastKnownFileType = file.storyboard; name = Base; path = Base.lproj/LaunchScreen.storyboard; sourceTree = "<group>"; };
		68FD70871F1FD36E0063558E /* Info.plist */ = {isa = PBXFileReference; lastKnownFileType = text.plist.xml; path = Info.plist; sourceTree = "<group>"; };
		CD5EDEC44C1F484944C54386 /* Pods-Smack.debug.xcconfig */ = {isa = PBXFileReference; includeInIndex = 1; lastKnownFileType = text.xcconfig; name = "Pods-Smack.debug.xcconfig"; path = "Pods/Target Support Files/Pods-Smack/Pods-Smack.debug.xcconfig"; sourceTree = "<group>"; };
/* End PBXFileReference section */

/* Begin PBXFrameworksBuildPhase section */
		68FD70751F1FD36D0063558E /* Frameworks */ = {
			isa = PBXFrameworksBuildPhase;
			buildActionMask = 2147483647;
			files = (
				FD5616625CD8A9EDDA58CEF5 /* Pods_Smack.framework in Frameworks */,
			);
			runOnlyForDeploymentPostprocessing = 0;
		};
/* End PBXFrameworksBuildPhase section */

/* Begin PBXGroup section */
		4785B67384BFD61E2C3C6F52 /* Frameworks */ = {
			isa = PBXGroup;
			children = (
				17B7FE9EDFA437FD1F578EB7 /* Pods_Smack.framework */,
			);
			name = Frameworks;
			sourceTree = "<group>";
		};
		6808A4831F20886300F72E0B /* Controller */ = {
			isa = PBXGroup;
			children = (
				6808A4861F20888D00F72E0B /* ChatVC.swift */,
				6808A4881F20889C00F72E0B /* ChannelVC.swift */,
				68B489091F21178100D41801 /* LoginVC.swift */,
				68B4890B1F2119BA00D41801 /* CreateAccountVC.swift */,
			);
			path = Controller;
			sourceTree = "<group>";
		};
		6808A4841F20886900F72E0B /* View */ = {
			isa = PBXGroup;
			children = (
				6808A48A1F20F50300F72E0B /* GradientView.swift */,
				6806797C1F24A92E00976227 /* RoundedBtn.swift */,
			);
			path = View;
			sourceTree = "<group>";
		};
		6808A4851F20886E00F72E0B /* Model */ = {
			isa = PBXGroup;
			children = (
			);
			path = Model;
			sourceTree = "<group>";
		};
		686AF78A1F22568E00A15838 /* Services */ = {
			isa = PBXGroup;
			children = (
				686AF78B1F22584100A15838 /* AuthService.swift */,
			);
			path = Services;
			sourceTree = "<group>";
		};
		68A391931F21123F006DEDF6 /* Utilities */ = {
			isa = PBXGroup;
			children = (
				68A391941F211251006DEDF6 /* Constants.swift */,
			);
			path = Utilities;
			sourceTree = "<group>";
		};
		68FB7F1B1F1FDBED001679BA /* Supporting Files */ = {
			isa = PBXGroup;
			children = (
				68FB7F1E1F1FDC2F001679BA /* SWRevealViewController.h */,
				68FB7F1D1F1FDC2F001679BA /* SWRevealViewController.m */,
				68FB7F1C1F1FDC2E001679BA /* Smack-Bridging-Header.h */,
			);
			path = "Supporting Files";
			sourceTree = "<group>";
		};
		68FD706F1F1FD36D0063558E = {
			isa = PBXGroup;
			children = (
				68FD707A1F1FD36E0063558E /* Smack */,
				68FD70791F1FD36E0063558E /* Products */,
				E1B915923FB12F2416853CC4 /* Pods */,
				4785B67384BFD61E2C3C6F52 /* Frameworks */,
			);
			sourceTree = "<group>";
		};
		68FD70791F1FD36E0063558E /* Products */ = {
			isa = PBXGroup;
			children = (
				68FD70781F1FD36E0063558E /* Smack.app */,
			);
			name = Products;
			sourceTree = "<group>";
		};
		68FD707A1F1FD36E0063558E /* Smack */ = {
			isa = PBXGroup;
			children = (
				686AF78A1F22568E00A15838 /* Services */,
				68A391931F21123F006DEDF6 /* Utilities */,
				6808A4851F20886E00F72E0B /* Model */,
				6808A4841F20886900F72E0B /* View */,
				6808A4831F20886300F72E0B /* Controller */,
				68FB7F1B1F1FDBED001679BA /* Supporting Files */,
				68FD707B1F1FD36E0063558E /* AppDelegate.swift */,
				68FD707F1F1FD36E0063558E /* Main.storyboard */,
				68FD70821F1FD36E0063558E /* Assets.xcassets */,
				68FD70841F1FD36E0063558E /* LaunchScreen.storyboard */,
				68FD70871F1FD36E0063558E /* Info.plist */,
			);
			path = Smack;
			sourceTree = "<group>";
		};
		E1B915923FB12F2416853CC4 /* Pods */ = {
			isa = PBXGroup;
			children = (
				CD5EDEC44C1F484944C54386 /* Pods-Smack.debug.xcconfig */,
				5EA616B41183FB500B9921B2 /* Pods-Smack.release.xcconfig */,
			);
			name = Pods;
			sourceTree = "<group>";
		};
/* End PBXGroup section */

/* Begin PBXNativeTarget section */
		68FD70771F1FD36D0063558E /* Smack */ = {
			isa = PBXNativeTarget;
			buildConfigurationList = 68FD708A1F1FD36E0063558E /* Build configuration list for PBXNativeTarget "Smack" */;
			buildPhases = (
				2B29672AB48438C5F7FC6F36 /* [CP] Check Pods Manifest.lock */,
				68FD70741F1FD36D0063558E /* Sources */,
				68FD70751F1FD36D0063558E /* Frameworks */,
				68FD70761F1FD36D0063558E /* Resources */,
				71AA44A4412D0E035F5BBCD1 /* [CP] Embed Pods Frameworks */,
				217FE269827F419D93E022C9 /* [CP] Copy Pods Resources */,
			);
			buildRules = (
			);
			dependencies = (
			);
			name = Smack;
			productName = Smack;
			productReference = 68FD70781F1FD36E0063558E /* Smack.app */;
			productType = "com.apple.product-type.application";
		};
/* End PBXNativeTarget section */

/* Begin PBXProject section */
		68FD70701F1FD36D0063558E /* Project object */ = {
			isa = PBXProject;
			attributes = {
				LastSwiftUpdateCheck = 0900;
				LastUpgradeCheck = 0900;
				ORGANIZATIONNAME = "Raghav Vashisht";
				TargetAttributes = {
					68FD70771F1FD36D0063558E = {
						CreatedOnToolsVersion = 9.0;
						LastSwiftMigration = 0900;
					};
				};
			};
			buildConfigurationList = 68FD70731F1FD36D0063558E /* Build configuration list for PBXProject "Smack" */;
			compatibilityVersion = "Xcode 8.0";
			developmentRegion = en;
			hasScannedForEncodings = 0;
			knownRegions = (
				en,
				Base,
			);
			mainGroup = 68FD706F1F1FD36D0063558E;
			productRefGroup = 68FD70791F1FD36E0063558E /* Products */;
			projectDirPath = "";
			projectRoot = "";
			targets = (
				68FD70771F1FD36D0063558E /* Smack */,
			);
		};
/* End PBXProject section */

/* Begin PBXResourcesBuildPhase section */
		68FD70761F1FD36D0063558E /* Resources */ = {
			isa = PBXResourcesBuildPhase;
			buildActionMask = 2147483647;
			files = (
				68FD70861F1FD36E0063558E /* LaunchScreen.storyboard in Resources */,
				68FD70831F1FD36E0063558E /* Assets.xcassets in Resources */,
				68FD70811F1FD36E0063558E /* Main.storyboard in Resources */,
			);
			runOnlyForDeploymentPostprocessing = 0;
		};
/* End PBXResourcesBuildPhase section */

/* Begin PBXShellScriptBuildPhase section */
		217FE269827F419D93E022C9 /* [CP] Copy Pods Resources */ = {
			isa = PBXShellScriptBuildPhase;
			buildActionMask = 2147483647;
			files = (
			);
			inputPaths = (
			);
			name = "[CP] Copy Pods Resources";
			outputPaths = (
			);
			runOnlyForDeploymentPostprocessing = 0;
			shellPath = /bin/sh;
			shellScript = "\"${SRCROOT}/Pods/Target Support Files/Pods-Smack/Pods-Smack-resources.sh\"\n";
			showEnvVarsInLog = 0;
		};
		2B29672AB48438C5F7FC6F36 /* [CP] Check Pods Manifest.lock */ = {
			isa = PBXShellScriptBuildPhase;
			buildActionMask = 2147483647;
			files = (
			);
			inputPaths = (
			);
			name = "[CP] Check Pods Manifest.lock";
			outputPaths = (
			);
			runOnlyForDeploymentPostprocessing = 0;
			shellPath = /bin/sh;
			shellScript = "diff \"${PODS_ROOT}/../Podfile.lock\" \"${PODS_ROOT}/Manifest.lock\" > /dev/null\nif [ $? != 0 ] ; then\n    # print error to STDERR\n    echo \"error: The sandbox is not in sync with the Podfile.lock. Run 'pod install' or update your CocoaPods installation.\" >&2\n    exit 1\nfi\n";
			showEnvVarsInLog = 0;
		};
		71AA44A4412D0E035F5BBCD1 /* [CP] Embed Pods Frameworks */ = {
			isa = PBXShellScriptBuildPhase;
			buildActionMask = 2147483647;
			files = (
			);
			inputPaths = (
			);
			name = "[CP] Embed Pods Frameworks";
			outputPaths = (
			);
			runOnlyForDeploymentPostprocessing = 0;
			shellPath = /bin/sh;
			shellScript = "\"${SRCROOT}/Pods/Target Support Files/Pods-Smack/Pods-Smack-frameworks.sh\"\n";
			showEnvVarsInLog = 0;
		};
/* End PBXShellScriptBuildPhase section */

/* Begin PBXSourcesBuildPhase section */
		68FD70741F1FD36D0063558E /* Sources */ = {
			isa = PBXSourcesBuildPhase;
			buildActionMask = 2147483647;
			files = (
				6808A4891F20889C00F72E0B /* ChannelVC.swift in Sources */,
				6808A4871F20888D00F72E0B /* ChatVC.swift in Sources */,
				6806797D1F24A92E00976227 /* RoundedBtn.swift in Sources */,
				68B4890C1F2119BA00D41801 /* CreateAccountVC.swift in Sources */,
				686AF78C1F22584100A15838 /* AuthService.swift in Sources */,
				6808A48B1F20F50300F72E0B /* GradientView.swift in Sources */,
				68FD707C1F1FD36E0063558E /* AppDelegate.swift in Sources */,
				68FB7F1F1F1FDC2F001679BA /* SWRevealViewController.m in Sources */,
				68A391951F211251006DEDF6 /* Constants.swift in Sources */,
				68B4890A1F21178100D41801 /* LoginVC.swift in Sources */,
			);
			runOnlyForDeploymentPostprocessing = 0;
		};
/* End PBXSourcesBuildPhase section */

/* Begin PBXVariantGroup section */
		68FD707F1F1FD36E0063558E /* Main.storyboard */ = {
			isa = PBXVariantGroup;
			children = (
				68FD70801F1FD36E0063558E /* Base */,
			);
			name = Main.storyboard;
			sourceTree = "<group>";
		};
		68FD70841F1FD36E0063558E /* LaunchScreen.storyboard */ = {
			isa = PBXVariantGroup;
			children = (
				68FD70851F1FD36E0063558E /* Base */,
			);
			name = LaunchScreen.storyboard;
			sourceTree = "<group>";
		};
/* End PBXVariantGroup section */

/* Begin XCBuildConfiguration section */
		68FD70881F1FD36E0063558E /* Debug */ = {
			isa = XCBuildConfiguration;
			buildSettings = {
				ALWAYS_SEARCH_USER_PATHS = NO;
				CLANG_ANALYZER_NONNULL = YES;
				CLANG_ANALYZER_NUMBER_OBJECT_CONVERSION = YES_AGGRESSIVE;
				CLANG_CXX_LANGUAGE_STANDARD = "gnu++14";
				CLANG_CXX_LIBRARY = "libc++";
				CLANG_ENABLE_MODULES = YES;
				CLANG_ENABLE_OBJC_ARC = YES;
				CLANG_WARN_BLOCK_CAPTURE_AUTORELEASING = YES;
				CLANG_WARN_BOOL_CONVERSION = YES;
				CLANG_WARN_COMMA = YES;
				CLANG_WARN_CONSTANT_CONVERSION = YES;
				CLANG_WARN_DIRECT_OBJC_ISA_USAGE = YES_ERROR;
				CLANG_WARN_DOCUMENTATION_COMMENTS = YES;
				CLANG_WARN_EMPTY_BODY = YES;
				CLANG_WARN_ENUM_CONVERSION = YES;
				CLANG_WARN_INFINITE_RECURSION = YES;
				CLANG_WARN_INT_CONVERSION = YES;
				CLANG_WARN_NON_LITERAL_NULL_CONVERSION = YES;
				CLANG_WARN_OBJC_LITERAL_CONVERSION = YES;
				CLANG_WARN_OBJC_ROOT_CLASS = YES_ERROR;
				CLANG_WARN_RANGE_LOOP_ANALYSIS = YES;
				CLANG_WARN_STRICT_PROTOTYPES = YES;
				CLANG_WARN_SUSPICIOUS_MOVE = YES;
				CLANG_WARN_UNGUARDED_AVAILABILITY = YES_AGGRESSIVE;
				CLANG_WARN_UNREACHABLE_CODE = YES;
				CLANG_WARN__DUPLICATE_METHOD_MATCH = YES;
				CODE_SIGN_IDENTITY = "iPhone Developer";
				COPY_PHASE_STRIP = NO;
				DEBUG_INFORMATION_FORMAT = dwarf;
				ENABLE_STRICT_OBJC_MSGSEND = YES;
				ENABLE_TESTABILITY = YES;
				GCC_C_LANGUAGE_STANDARD = gnu11;
				GCC_DYNAMIC_NO_PIC = NO;
				GCC_NO_COMMON_BLOCKS = YES;
				GCC_OPTIMIZATION_LEVEL = 0;
				GCC_PREPROCESSOR_DEFINITIONS = (
					"DEBUG=1",
					"$(inherited)",
				);
				GCC_WARN_64_TO_32_BIT_CONVERSION = YES;
				GCC_WARN_ABOUT_RETURN_TYPE = YES_ERROR;
				GCC_WARN_UNDECLARED_SELECTOR = YES;
				GCC_WARN_UNINITIALIZED_AUTOS = YES_AGGRESSIVE;
				GCC_WARN_UNUSED_FUNCTION = YES;
				GCC_WARN_UNUSED_VARIABLE = YES;
				IPHONEOS_DEPLOYMENT_TARGET = 11.0;
				MTL_ENABLE_DEBUG_INFO = YES;
				ONLY_ACTIVE_ARCH = YES;
				SDKROOT = iphoneos;
				SWIFT_ACTIVE_COMPILATION_CONDITIONS = DEBUG;
				SWIFT_OPTIMIZATION_LEVEL = "-Onone";
			};
			name = Debug;
		};
		68FD70891F1FD36E0063558E /* Release */ = {
			isa = XCBuildConfiguration;
			buildSettings = {
				ALWAYS_SEARCH_USER_PATHS = NO;
				CLANG_ANALYZER_NONNULL = YES;
				CLANG_ANALYZER_NUMBER_OBJECT_CONVERSION = YES_AGGRESSIVE;
				CLANG_CXX_LANGUAGE_STANDARD = "gnu++14";
				CLANG_CXX_LIBRARY = "libc++";
				CLANG_ENABLE_MODULES = YES;
				CLANG_ENABLE_OBJC_ARC = YES;
				CLANG_WARN_BLOCK_CAPTURE_AUTORELEASING = YES;
				CLANG_WARN_BOOL_CONVERSION = YES;
				CLANG_WARN_COMMA = YES;
				CLANG_WARN_CONSTANT_CONVERSION = YES;
				CLANG_WARN_DIRECT_OBJC_ISA_USAGE = YES_ERROR;
				CLANG_WARN_DOCUMENTATION_COMMENTS = YES;
				CLANG_WARN_EMPTY_BODY = YES;
				CLANG_WARN_ENUM_CONVERSION = YES;
				CLANG_WARN_INFINITE_RECURSION = YES;
				CLANG_WARN_INT_CONVERSION = YES;
				CLANG_WARN_NON_LITERAL_NULL_CONVERSION = YES;
				CLANG_WARN_OBJC_LITERAL_CONVERSION = YES;
				CLANG_WARN_OBJC_ROOT_CLASS = YES_ERROR;
				CLANG_WARN_RANGE_LOOP_ANALYSIS = YES;
				CLANG_WARN_STRICT_PROTOTYPES = YES;
				CLANG_WARN_SUSPICIOUS_MOVE = YES;
				CLANG_WARN_UNGUARDED_AVAILABILITY = YES_AGGRESSIVE;
				CLANG_WARN_UNREACHABLE_CODE = YES;
				CLANG_WARN__DUPLICATE_METHOD_MATCH = YES;
				CODE_SIGN_IDENTITY = "iPhone Developer";
				COPY_PHASE_STRIP = NO;
				DEBUG_INFORMATION_FORMAT = "dwarf-with-dsym";
				ENABLE_NS_ASSERTIONS = NO;
				ENABLE_STRICT_OBJC_MSGSEND = YES;
				GCC_C_LANGUAGE_STANDARD = gnu11;
				GCC_NO_COMMON_BLOCKS = YES;
				GCC_WARN_64_TO_32_BIT_CONVERSION = YES;
				GCC_WARN_ABOUT_RETURN_TYPE = YES_ERROR;
				GCC_WARN_UNDECLARED_SELECTOR = YES;
				GCC_WARN_UNINITIALIZED_AUTOS = YES_AGGRESSIVE;
				GCC_WARN_UNUSED_FUNCTION = YES;
				GCC_WARN_UNUSED_VARIABLE = YES;
				IPHONEOS_DEPLOYMENT_TARGET = 11.0;
				MTL_ENABLE_DEBUG_INFO = NO;
				SDKROOT = iphoneos;
				SWIFT_OPTIMIZATION_LEVEL = "-Owholemodule";
				VALIDATE_PRODUCT = YES;
			};
			name = Release;
		};
		68FD708B1F1FD36E0063558E /* Debug */ = {
			isa = XCBuildConfiguration;
			baseConfigurationReference = CD5EDEC44C1F484944C54386 /* Pods-Smack.debug.xcconfig */;
			buildSettings = {
				ASSETCATALOG_COMPILER_APPICON_NAME = AppIcon;
				CLANG_ENABLE_MODULES = YES;
				DEVELOPMENT_TEAM = Z3BGLCCPGN;
				INFOPLIST_FILE = Smack/Info.plist;
				IPHONEOS_DEPLOYMENT_TARGET = 10.0;
				LD_RUNPATH_SEARCH_PATHS = "$(inherited) @executable_path/Frameworks";
				PRODUCT_BUNDLE_IDENTIFIER = com.vashishtapps.Smack;
				PRODUCT_NAME = "$(TARGET_NAME)";
				SWIFT_OBJC_BRIDGING_HEADER = "Smack/Supporting Files/Smack-Bridging-Header.h";
				SWIFT_OPTIMIZATION_LEVEL = "-Onone";
				SWIFT_VERSION = 4.0;
				TARGETED_DEVICE_FAMILY = "1,2";
			};
			name = Debug;
		};
		68FD708C1F1FD36E0063558E /* Release */ = {
			isa = XCBuildConfiguration;
			baseConfigurationReference = 5EA616B41183FB500B9921B2 /* Pods-Smack.release.xcconfig */;
			buildSettings = {
				ASSETCATALOG_COMPILER_APPICON_NAME = AppIcon;
				CLANG_ENABLE_MODULES = YES;
				DEVELOPMENT_TEAM = Z3BGLCCPGN;
				INFOPLIST_FILE = Smack/Info.plist;
				IPHONEOS_DEPLOYMENT_TARGET = 10.0;
				LD_RUNPATH_SEARCH_PATHS = "$(inherited) @executable_path/Frameworks";
				PRODUCT_BUNDLE_IDENTIFIER = com.vashishtapps.Smack;
				PRODUCT_NAME = "$(TARGET_NAME)";
				SWIFT_OBJC_BRIDGING_HEADER = "Smack/Supporting Files/Smack-Bridging-Header.h";
				SWIFT_VERSION = 4.0;
				TARGETED_DEVICE_FAMILY = "1,2";
			};
			name = Release;
		};
/* End XCBuildConfiguration section */

/* Begin XCConfigurationList section */
		68FD70731F1FD36D0063558E /* Build configuration list for PBXProject "Smack" */ = {
			isa = XCConfigurationList;
			buildConfigurations = (
				68FD70881F1FD36E0063558E /* Debug */,
				68FD70891F1FD36E0063558E /* Release */,
			);
			defaultConfigurationIsVisible = 0;
			defaultConfigurationName = Release;
		};
		68FD708A1F1FD36E0063558E /* Build configuration list for PBXNativeTarget "Smack" */ = {
			isa = XCConfigurationList;
			buildConfigurations = (
				68FD708B1F1FD36E0063558E /* Debug */,
				68FD708C1F1FD36E0063558E /* Release */,
			);
			defaultConfigurationIsVisible = 0;
			defaultConfigurationName = Release;
		};
/* End XCConfigurationList section */
	};
	rootObject = 68FD70701F1FD36D0063558E /* Project object */;
}
